
Microsoft Visual Studio Solution File, Format Version 12.00
# Visual Studio Version 17
VisualStudioVersion = 17.4.33403.182
MinimumVisualStudioVersion = 10.0.40219.1
Project("{FAE04EC0-301F-11D3-BF4B-00C04F79EFBC}") = "Pharmacy", "Pharmacy\Pharmacy.csproj", "{6FCF8DF0-0E69-4A4F-A2A6-6727450CBC44}"
EndProject
Global
	GlobalSection(SolutionConfigurationPlatforms) = preSolution
		Debug|Any CPU = Debug|Any CPU
		Release|Any CPU = Release|Any CPU
	EndGlobalSection
	GlobalSection(ProjectConfigurationPlatforms) = postSolution
		{6FCF8DF0-0E69-4A4F-A2A6-6727450CBC44}.Debug|Any CPU.ActiveCfg = Debug|Any CPU
		{6FCF8DF0-0E69-4A4F-A2A6-6727450CBC44}.Debug|Any CPU.Build.0 = Debug|Any CPU
		{6FCF8DF0-0E69-4A4F-A2A6-6727450CBC44}.Release|Any CPU.ActiveCfg = Release|Any CPU
		{6FCF8DF0-0E69-4A4F-A2A6-6727450CBC44}.Release|Any CPU.Build.0 = Release|Any CPU
	EndGlobalSection
	GlobalSection(SolutionProperties) = preSolution
		HideSolutionNode = FALSE
	EndGlobalSection
	GlobalSection(ExtensibilityGlobals) = postSolution
		SolutionGuid = {AE1B2A5C-96AD-420D-8226-27395D122F10}
	EndGlobalSection
EndGlobal
